{
  "version": 4,
  "terraform_version": "1.13.3",
  "serial": 84,
  "lineage": "2164a0bf-ae91-c84f-a5c2-b1201935f490",
  "outputs": {},
  "resources": [
    {
      "mode": "managed",
      "type": "azurerm_lb",
      "name": "test_lb",
      "provider": "provider[\"registry.terraform.io/hashicorp/azurerm\"]",
      "instances": [
        {
          "schema_version": 0,
          "attributes": {
            "edge_zone": "",
            "frontend_ip_configuration": [
              {
                "gateway_load_balancer_frontend_ip_configuration_id": "",
                "id": "/subscriptions/1c450166-d3fb-4c9e-b800-503c3d629916/resourceGroups/grp-ressource-test/providers/Microsoft.Network/loadBalancers/test-lb/frontendIPConfigurations/feip",
                "inbound_nat_rules": [],
                "load_balancer_rules": [
                  "/subscriptions/1c450166-d3fb-4c9e-b800-503c3d629916/resourceGroups/grp-ressource-test/providers/Microsoft.Network/loadBalancers/test-lb/loadBalancingRules/http-80"
                ],
                "name": "feip",
                "outbound_rules": [],
                "private_ip_address": "",
                "private_ip_address_allocation": "Dynamic",
                "private_ip_address_version": "",
                "public_ip_address_id": "/subscriptions/1c450166-d3fb-4c9e-b800-503c3d629916/resourceGroups/grp-ressource-test/providers/Microsoft.Network/publicIPAddresses/mon-ip-public-lb",
                "public_ip_prefix_id": "",
                "subnet_id": "",
                "zones": []
              }
            ],
            "id": "/subscriptions/1c450166-d3fb-4c9e-b800-503c3d629916/resourceGroups/grp-ressource-test/providers/Microsoft.Network/loadBalancers/test-lb",
            "location": "francecentral",
            "name": "test-lb",
            "private_ip_address": "",
            "private_ip_addresses": [],
            "public_ip_address_id": null,
            "resource_group_name": "grp-ressource-test",
            "sku": "Standard",
            "sku_tier": "Regional",
            "subnet_id": null,
            "tags": {},
            "timeouts": null
          },
          "sensitive_attributes": [],
          "identity_schema_version": 0,
          "private": "eyJlMmJmYjczMC1lY2FhLTExZTYtOGY4OC0zNDM2M2JjN2M0YzAiOnsiY3JlYXRlIjoxODAwMDAwMDAwMDAwLCJkZWxldGUiOjE4MDAwMDAwMDAwMDAsInJlYWQiOjMwMDAwMDAwMDAwMCwidXBkYXRlIjoxODAwMDAwMDAwMDAwfX0=",
          "dependencies": [
            "azurerm_public_ip.ip_public_lb",
            "azurerm_resource_group.grp_ressource_test"
          ]
        }
      ]
    },
    {
      "mode": "managed",
      "type": "azurerm_lb_backend_address_pool",
      "name": "test_bepool",
      "provider": "provider[\"registry.terraform.io/hashicorp/azurerm\"]",
      "instances": [
        {
          "schema_version": 0,
          "attributes": {
            "backend_ip_configurations": [
              "/subscriptions/1c450166-d3fb-4c9e-b800-503c3d629916/resourceGroups/grp-ressource-test/providers/Microsoft.Network/networkInterfaces/test-net-interface-web1/ipConfigurations/internal",
              "/subscriptions/1c450166-d3fb-4c9e-b800-503c3d629916/resourceGroups/grp-ressource-test/providers/Microsoft.Network/networkInterfaces/test-net-interface-web2/ipConfigurations/internal"
            ],
            "id": "/subscriptions/1c450166-d3fb-4c9e-b800-503c3d629916/resourceGroups/grp-ressource-test/providers/Microsoft.Network/loadBalancers/test-lb/backendAddressPools/bepool",
            "inbound_nat_rules": [],
            "load_balancing_rules": [
              "/subscriptions/1c450166-d3fb-4c9e-b800-503c3d629916/resourceGroups/grp-ressource-test/providers/Microsoft.Network/loadBalancers/test-lb/loadBalancingRules/http-80"
            ],
            "loadbalancer_id": "/subscriptions/1c450166-d3fb-4c9e-b800-503c3d629916/resourceGroups/grp-ressource-test/providers/Microsoft.Network/loadBalancers/test-lb",
            "name": "bepool",
            "outbound_rules": [],
            "synchronous_mode": "",
            "timeouts": null,
            "tunnel_interface": [],
            "virtual_network_id": ""
          },
          "sensitive_attributes": [],
          "identity_schema_version": 0,
          "private": "eyJlMmJmYjczMC1lY2FhLTExZTYtOGY4OC0zNDM2M2JjN2M0YzAiOnsiY3JlYXRlIjoxODAwMDAwMDAwMDAwLCJkZWxldGUiOjE4MDAwMDAwMDAwMDAsInJlYWQiOjMwMDAwMDAwMDAwMCwidXBkYXRlIjoxODAwMDAwMDAwMDAwfX0=",
          "dependencies": [
            "azurerm_lb.test_lb",
            "azurerm_public_ip.ip_public_lb",
            "azurerm_resource_group.grp_ressource_test"
          ]
        }
      ]
    },
    {
      "mode": "managed",
      "type": "azurerm_network_interface",
      "name": "net_interface_web",
      "provider": "provider[\"registry.terraform.io/hashicorp/azurerm\"]",
      "instances": [
        {
          "index_key": "web1",
          "schema_version": 0,
          "attributes": {
            "accelerated_networking_enabled": false,
            "applied_dns_servers": [],
            "auxiliary_mode": "",
            "auxiliary_sku": "",
            "dns_servers": [],
            "edge_zone": "",
            "id": "/subscriptions/1c450166-d3fb-4c9e-b800-503c3d629916/resourceGroups/grp-ressource-test/providers/Microsoft.Network/networkInterfaces/test-net-interface-web1",
            "internal_dns_name_label": "",
            "internal_domain_name_suffix": "v32b0p5ajsvednnfjmup4pr44h.parx.internal.cloudapp.net",
            "ip_configuration": [
              {
                "gateway_load_balancer_frontend_ip_configuration_id": "",
                "name": "internal",
                "primary": true,
                "private_ip_address": "10.0.1.4",
                "private_ip_address_allocation": "Dynamic",
                "private_ip_address_version": "IPv4",
                "public_ip_address_id": "",
                "subnet_id": "/subscriptions/1c450166-d3fb-4c9e-b800-503c3d629916/resourceGroups/grp-ressource-test/providers/Microsoft.Network/virtualNetworks/test-vnet/subnets/test-subnet-web"
              }
            ],
            "ip_forwarding_enabled": false,
            "location": "francecentral",
            "mac_address": "00-22-48-39-21-44",
            "name": "test-net-interface-web1",
            "private_ip_address": "10.0.1.4",
            "private_ip_addresses": [
              "10.0.1.4"
            ],
            "resource_group_name": "grp-ressource-test",
            "tags": {},
            "timeouts": null,
            "virtual_machine_id": "/subscriptions/1c450166-d3fb-4c9e-b800-503c3d629916/resourceGroups/grp-ressource-test/providers/Microsoft.Compute/virtualMachines/test-srv-ubuntu-web1"
          },
          "sensitive_attributes": [],
          "identity_schema_version": 0,
          "identity": {
            "name": "test-net-interface-web1",
            "resource_group_name": "grp-ressource-test",
            "subscription_id": "1c450166-d3fb-4c9e-b800-503c3d629916"
          },
          "private": "eyJlMmJmYjczMC1lY2FhLTExZTYtOGY4OC0zNDM2M2JjN2M0YzAiOnsiY3JlYXRlIjoxODAwMDAwMDAwMDAwLCJkZWxldGUiOjE4MDAwMDAwMDAwMDAsInJlYWQiOjMwMDAwMDAwMDAwMCwidXBkYXRlIjoxODAwMDAwMDAwMDAwfX0=",
          "dependencies": [
            "azurerm_resource_group.grp_ressource_test",
            "azurerm_subnet.subnet_web",
            "azurerm_virtual_network.vnet"
          ]
        },
        {
          "index_key": "web2",
          "schema_version": 0,
          "attributes": {
            "accelerated_networking_enabled": false,
            "applied_dns_servers": [],
            "auxiliary_mode": "",
            "auxiliary_sku": "",
            "dns_servers": [],
            "edge_zone": "",
            "id": "/subscriptions/1c450166-d3fb-4c9e-b800-503c3d629916/resourceGroups/grp-ressource-test/providers/Microsoft.Network/networkInterfaces/test-net-interface-web2",
            "internal_dns_name_label": "",
            "internal_domain_name_suffix": "v32b0p5ajsvednnfjmup4pr44h.parx.internal.cloudapp.net",
            "ip_configuration": [
              {
                "gateway_load_balancer_frontend_ip_configuration_id": "",
                "name": "internal",
                "primary": true,
                "private_ip_address": "10.0.1.5",
                "private_ip_address_allocation": "Dynamic",
                "private_ip_address_version": "IPv4",
                "public_ip_address_id": "",
                "subnet_id": "/subscriptions/1c450166-d3fb-4c9e-b800-503c3d629916/resourceGroups/grp-ressource-test/providers/Microsoft.Network/virtualNetworks/test-vnet/subnets/test-subnet-web"
              }
            ],
            "ip_forwarding_enabled": false,
            "location": "francecentral",
            "mac_address": "60-45-BD-6C-6B-72",
            "name": "test-net-interface-web2",
            "private_ip_address": "10.0.1.5",
            "private_ip_addresses": [
              "10.0.1.5"
            ],
            "resource_group_name": "grp-ressource-test",
            "tags": {},
            "timeouts": null,
            "virtual_machine_id": "/subscriptions/1c450166-d3fb-4c9e-b800-503c3d629916/resourceGroups/grp-ressource-test/providers/Microsoft.Compute/virtualMachines/test-srv-ubuntu-web2"
          },
          "sensitive_attributes": [],
          "identity_schema_version": 0,
          "identity": {
            "name": "test-net-interface-web2",
            "resource_group_name": "grp-ressource-test",
            "subscription_id": "1c450166-d3fb-4c9e-b800-503c3d629916"
          },
          "private": "eyJlMmJmYjczMC1lY2FhLTExZTYtOGY4OC0zNDM2M2JjN2M0YzAiOnsiY3JlYXRlIjoxODAwMDAwMDAwMDAwLCJkZWxldGUiOjE4MDAwMDAwMDAwMDAsInJlYWQiOjMwMDAwMDAwMDAwMCwidXBkYXRlIjoxODAwMDAwMDAwMDAwfX0=",
          "dependencies": [
            "azurerm_resource_group.grp_ressource_test",
            "azurerm_subnet.subnet_web",
            "azurerm_virtual_network.vnet"
          ]
        }
      ]
    },
    {
      "mode": "managed",
      "type": "azurerm_network_interface_backend_address_pool_association",
      "name": "nic_bepool_assoc",
      "provider": "provider[\"registry.terraform.io/hashicorp/azurerm\"]",
      "instances": [
        {
          "index_key": "web1",
          "schema_version": 0,
          "attributes": {
            "backend_address_pool_id": "/subscriptions/1c450166-d3fb-4c9e-b800-503c3d629916/resourceGroups/grp-ressource-test/providers/Microsoft.Network/loadBalancers/test-lb/backendAddressPools/bepool",
            "id": "/subscriptions/1c450166-d3fb-4c9e-b800-503c3d629916/resourceGroups/grp-ressource-test/providers/Microsoft.Network/networkInterfaces/test-net-interface-web1/ipConfigurations/internal|/subscriptions/1c450166-d3fb-4c9e-b800-503c3d629916/resourceGroups/grp-ressource-test/providers/Microsoft.Network/loadBalancers/test-lb/backendAddressPools/bepool",
            "ip_configuration_name": "internal",
            "network_interface_id": "/subscriptions/1c450166-d3fb-4c9e-b800-503c3d629916/resourceGroups/grp-ressource-test/providers/Microsoft.Network/networkInterfaces/test-net-interface-web1",
            "timeouts": null
          },
          "sensitive_attributes": [],
          "identity_schema_version": 0,
          "private": "eyJlMmJmYjczMC1lY2FhLTExZTYtOGY4OC0zNDM2M2JjN2M0YzAiOnsiY3JlYXRlIjoxODAwMDAwMDAwMDAwLCJkZWxldGUiOjE4MDAwMDAwMDAwMDAsInJlYWQiOjMwMDAwMDAwMDAwMH19",
          "dependencies": [
            "azurerm_lb.test_lb",
            "azurerm_lb_backend_address_pool.test_bepool",
            "azurerm_network_interface.net_interface_web",
            "azurerm_public_ip.ip_public_lb",
            "azurerm_resource_group.grp_ressource_test",
            "azurerm_subnet.subnet_web",
            "azurerm_virtual_network.vnet"
          ]
        },
        {
          "index_key": "web2",
          "schema_version": 0,
          "attributes": {
            "backend_address_pool_id": "/subscriptions/1c450166-d3fb-4c9e-b800-503c3d629916/resourceGroups/grp-ressource-test/providers/Microsoft.Network/loadBalancers/test-lb/backendAddressPools/bepool",
            "id": "/subscriptions/1c450166-d3fb-4c9e-b800-503c3d629916/resourceGroups/grp-ressource-test/providers/Microsoft.Network/networkInterfaces/test-net-interface-web2/ipConfigurations/internal|/subscriptions/1c450166-d3fb-4c9e-b800-503c3d629916/resourceGroups/grp-ressource-test/providers/Microsoft.Network/loadBalancers/test-lb/backendAddressPools/bepool",
            "ip_configuration_name": "internal",
            "network_interface_id": "/subscriptions/1c450166-d3fb-4c9e-b800-503c3d629916/resourceGroups/grp-ressource-test/providers/Microsoft.Network/networkInterfaces/test-net-interface-web2",
            "timeouts": null
          },
          "sensitive_attributes": [],
          "identity_schema_version": 0,
          "private": "eyJlMmJmYjczMC1lY2FhLTExZTYtOGY4OC0zNDM2M2JjN2M0YzAiOnsiY3JlYXRlIjoxODAwMDAwMDAwMDAwLCJkZWxldGUiOjE4MDAwMDAwMDAwMDAsInJlYWQiOjMwMDAwMDAwMDAwMH19",
          "dependencies": [
            "azurerm_lb.test_lb",
            "azurerm_lb_backend_address_pool.test_bepool",
            "azurerm_network_interface.net_interface_web",
            "azurerm_public_ip.ip_public_lb",
            "azurerm_resource_group.grp_ressource_test",
            "azurerm_subnet.subnet_web",
            "azurerm_virtual_network.vnet"
          ]
        }
      ]
    },
    {
      "mode": "managed",
      "type": "azurerm_network_security_group",
      "name": "grp_sec_net",
      "provider": "provider[\"registry.terraform.io/hashicorp/azurerm\"]",
      "instances": [
        {
          "schema_version": 0,
          "attributes": {
            "id": "/subscriptions/1c450166-d3fb-4c9e-b800-503c3d629916/resourceGroups/grp-ressource-test/providers/Microsoft.Network/networkSecurityGroups/vm-sec-net",
            "location": "francecentral",
            "name": "vm-sec-net",
            "resource_group_name": "grp-ressource-test",
            "security_rule": [
              {
                "access": "Allow",
                "description": "",
                "destination_address_prefix": "*",
                "destination_address_prefixes": [],
                "destination_application_security_group_ids": [],
                "destination_port_range": "22",
                "destination_port_ranges": [],
                "direction": "Inbound",
                "name": "Allow-SSH",
                "priority": 100,
                "protocol": "Tcp",
                "source_address_prefix": "*",
                "source_address_prefixes": [],
                "source_application_security_group_ids": [],
                "source_port_range": "*",
                "source_port_ranges": []
              },
              {
                "access": "Allow",
                "description": "",
                "destination_address_prefix": "*",
                "destination_address_prefixes": [],
                "destination_application_security_group_ids": [],
                "destination_port_range": "80",
                "destination_port_ranges": [],
                "direction": "Inbound",
                "name": "Allow-HTTP",
                "priority": 110,
                "protocol": "Tcp",
                "source_address_prefix": "*",
                "source_address_prefixes": [],
                "source_application_security_group_ids": [],
                "source_port_range": "*",
                "source_port_ranges": []
              }
            ],
            "tags": {},
            "timeouts": null
          },
          "sensitive_attributes": [],
          "identity_schema_version": 0,
          "identity": {
            "name": "vm-sec-net",
            "resource_group_name": "grp-ressource-test",
            "subscription_id": "1c450166-d3fb-4c9e-b800-503c3d629916"
          },
          "private": "eyJlMmJmYjczMC1lY2FhLTExZTYtOGY4OC0zNDM2M2JjN2M0YzAiOnsiY3JlYXRlIjoxODAwMDAwMDAwMDAwLCJkZWxldGUiOjE4MDAwMDAwMDAwMDAsInJlYWQiOjMwMDAwMDAwMDAwMCwidXBkYXRlIjoxODAwMDAwMDAwMDAwfX0=",
          "dependencies": [
            "azurerm_resource_group.grp_ressource_test"
          ]
        }
      ]
    },
    {
      "mode": "managed",
      "type": "azurerm_public_ip",
      "name": "ip_public_lb",
      "provider": "provider[\"registry.terraform.io/hashicorp/azurerm\"]",
      "instances": [
        {
          "schema_version": 0,
          "attributes": {
            "allocation_method": "Static",
            "ddos_protection_mode": "VirtualNetworkInherited",
            "ddos_protection_plan_id": null,
            "domain_name_label": null,
            "domain_name_label_scope": null,
            "edge_zone": "",
            "fqdn": null,
            "id": "/subscriptions/1c450166-d3fb-4c9e-b800-503c3d629916/resourceGroups/grp-ressource-test/providers/Microsoft.Network/publicIPAddresses/mon-ip-public-lb",
            "idle_timeout_in_minutes": 4,
            "ip_address": "4.233.102.61",
            "ip_tags": {},
            "ip_version": "IPv4",
            "location": "francecentral",
            "name": "mon-ip-public-lb",
            "public_ip_prefix_id": null,
            "resource_group_name": "grp-ressource-test",
            "reverse_fqdn": null,
            "sku": "Standard",
            "sku_tier": "Regional",
            "tags": {},
            "timeouts": null,
            "zones": []
          },
          "sensitive_attributes": [],
          "identity_schema_version": 0,
          "private": "eyJlMmJmYjczMC1lY2FhLTExZTYtOGY4OC0zNDM2M2JjN2M0YzAiOnsiY3JlYXRlIjoxODAwMDAwMDAwMDAwLCJkZWxldGUiOjE4MDAwMDAwMDAwMDAsInJlYWQiOjMwMDAwMDAwMDAwMCwidXBkYXRlIjoxODAwMDAwMDAwMDAwfX0=",
          "dependencies": [
            "azurerm_resource_group.grp_ressource_test"
          ]
        }
      ]
    },
    {
      "mode": "managed",
      "type": "azurerm_resource_group",
      "name": "grp_ressource_test",
      "provider": "provider[\"registry.terraform.io/hashicorp/azurerm\"]",
      "instances": [
        {
          "schema_version": 0,
          "attributes": {
            "id": "/subscriptions/1c450166-d3fb-4c9e-b800-503c3d629916/resourceGroups/grp-ressource-test",
            "location": "francecentral",
            "managed_by": "",
            "name": "grp-ressource-test",
            "tags": {},
            "timeouts": null
          },
          "sensitive_attributes": [],
          "identity_schema_version": 0,
          "private": "eyJlMmJmYjczMC1lY2FhLTExZTYtOGY4OC0zNDM2M2JjN2M0YzAiOnsiY3JlYXRlIjo1NDAwMDAwMDAwMDAwLCJkZWxldGUiOjU0MDAwMDAwMDAwMDAsInJlYWQiOjMwMDAwMDAwMDAwMCwidXBkYXRlIjo1NDAwMDAwMDAwMDAwfX0="
        }
      ]
    },
    {
      "mode": "managed",
      "type": "azurerm_subnet",
      "name": "subnet_web",
      "provider": "provider[\"registry.terraform.io/hashicorp/azurerm\"]",
      "instances": [
        {
          "schema_version": 0,
          "attributes": {
            "address_prefixes": [
              "10.0.1.0/24"
            ],
            "default_outbound_access_enabled": true,
            "delegation": [],
            "id": "/subscriptions/1c450166-d3fb-4c9e-b800-503c3d629916/resourceGroups/grp-ressource-test/providers/Microsoft.Network/virtualNetworks/test-vnet/subnets/test-subnet-web",
            "ip_address_pool": [],
            "name": "test-subnet-web",
            "private_endpoint_network_policies": "Disabled",
            "private_link_service_network_policies_enabled": true,
            "resource_group_name": "grp-ressource-test",
            "service_endpoint_policy_ids": [],
            "service_endpoints": [],
            "sharing_scope": "",
            "timeouts": null,
            "virtual_network_name": "test-vnet"
          },
          "sensitive_attributes": [],
          "identity_schema_version": 0,
          "identity": {
            "name": "test-subnet-web",
            "resource_group_name": "grp-ressource-test",
            "subscription_id": "1c450166-d3fb-4c9e-b800-503c3d629916",
            "virtual_network_name": "test-vnet"
          },
          "private": "eyJlMmJmYjczMC1lY2FhLTExZTYtOGY4OC0zNDM2M2JjN2M0YzAiOnsiY3JlYXRlIjoxODAwMDAwMDAwMDAwLCJkZWxldGUiOjE4MDAwMDAwMDAwMDAsInJlYWQiOjMwMDAwMDAwMDAwMCwidXBkYXRlIjoxODAwMDAwMDAwMDAwfX0=",
          "dependencies": [
            "azurerm_resource_group.grp_ressource_test",
            "azurerm_virtual_network.vnet"
          ]
        }
      ]
    },
    {
      "mode": "managed",
      "type": "azurerm_subnet_network_security_group_association",
      "name": "subnet_web_nsg",
      "provider": "provider[\"registry.terraform.io/hashicorp/azurerm\"]",
      "instances": [
        {
          "schema_version": 0,
          "attributes": {
            "id": "/subscriptions/1c450166-d3fb-4c9e-b800-503c3d629916/resourceGroups/grp-ressource-test/providers/Microsoft.Network/virtualNetworks/test-vnet/subnets/test-subnet-web",
            "network_security_group_id": "/subscriptions/1c450166-d3fb-4c9e-b800-503c3d629916/resourceGroups/grp-ressource-test/providers/Microsoft.Network/networkSecurityGroups/vm-sec-net",
            "subnet_id": "/subscriptions/1c450166-d3fb-4c9e-b800-503c3d629916/resourceGroups/grp-ressource-test/providers/Microsoft.Network/virtualNetworks/test-vnet/subnets/test-subnet-web",
            "timeouts": null
          },
          "sensitive_attributes": [],
          "identity_schema_version": 0,
          "private": "eyJlMmJmYjczMC1lY2FhLTExZTYtOGY4OC0zNDM2M2JjN2M0YzAiOnsiY3JlYXRlIjoxODAwMDAwMDAwMDAwLCJkZWxldGUiOjE4MDAwMDAwMDAwMDAsInJlYWQiOjMwMDAwMDAwMDAwMH19",
          "dependencies": [
            "azurerm_network_security_group.grp_sec_net",
            "azurerm_resource_group.grp_ressource_test",
            "azurerm_subnet.subnet_web",
            "azurerm_virtual_network.vnet"
          ]
        }
      ]
    },
    {
      "mode": "managed",
      "type": "azurerm_virtual_network",
      "name": "vnet",
      "provider": "provider[\"registry.terraform.io/hashicorp/azurerm\"]",
      "instances": [
        {
          "schema_version": 0,
          "attributes": {
            "address_space": [
              "10.0.0.0/16"
            ],
            "bgp_community": "",
            "ddos_protection_plan": [],
            "dns_servers": [],
            "edge_zone": "",
            "encryption": [],
            "flow_timeout_in_minutes": 0,
            "guid": "3f1d78af-4ce0-41aa-b5a5-4b28ff3e3ef7",
            "id": "/subscriptions/1c450166-d3fb-4c9e-b800-503c3d629916/resourceGroups/grp-ressource-test/providers/Microsoft.Network/virtualNetworks/test-vnet",
            "ip_address_pool": [],
            "location": "francecentral",
            "name": "test-vnet",
            "private_endpoint_vnet_policies": "Disabled",
            "resource_group_name": "grp-ressource-test",
            "subnet": [
              {
                "address_prefixes": [
                  "10.0.1.0/24"
                ],
                "default_outbound_access_enabled": true,
                "delegation": [],
                "id": "/subscriptions/1c450166-d3fb-4c9e-b800-503c3d629916/resourceGroups/grp-ressource-test/providers/Microsoft.Network/virtualNetworks/test-vnet/subnets/test-subnet-web",
                "name": "test-subnet-web",
                "private_endpoint_network_policies": "Disabled",
                "private_link_service_network_policies_enabled": true,
                "route_table_id": "",
                "security_group": "/subscriptions/1c450166-d3fb-4c9e-b800-503c3d629916/resourceGroups/grp-ressource-test/providers/Microsoft.Network/networkSecurityGroups/vm-sec-net",
                "service_endpoint_policy_ids": [],
                "service_endpoints": []
              },
              {
                "address_prefixes": [
                  "10.0.2.0/24"
                ],
                "default_outbound_access_enabled": true,
                "delegation": [],
                "id": "/subscriptions/1c450166-d3fb-4c9e-b800-503c3d629916/resourceGroups/grp-ressource-test/providers/Microsoft.Network/virtualNetworks/test-vnet/subnets/test-subnet-data",
                "name": "test-subnet-data",
                "private_endpoint_network_policies": "Disabled",
                "private_link_service_network_policies_enabled": true,
                "route_table_id": "",
                "security_group": "",
                "service_endpoint_policy_ids": [],
                "service_endpoints": []
              }
            ],
            "tags": {},
            "timeouts": null
          },
          "sensitive_attributes": [],
          "identity_schema_version": 0,
          "identity": {
            "name": "test-vnet",
            "resource_group_name": "grp-ressource-test",
            "subscription_id": "1c450166-d3fb-4c9e-b800-503c3d629916"
          },
          "private": "eyJlMmJmYjczMC1lY2FhLTExZTYtOGY4OC0zNDM2M2JjN2M0YzAiOnsiY3JlYXRlIjoxODAwMDAwMDAwMDAwLCJkZWxldGUiOjE4MDAwMDAwMDAwMDAsInJlYWQiOjMwMDAwMDAwMDAwMCwidXBkYXRlIjoxODAwMDAwMDAwMDAwfX0=",
          "dependencies": [
            "azurerm_resource_group.grp_ressource_test"
          ]
        }
      ]
    }
  ],
  "check_results": null
}
